{
  "name": "interop",
  "version": "1.0.0",
  "lockfileVersion": 3,
  "requires": true,
  "packages": {
    "": {
      "name": "interop",
      "version": "1.0.0",
      "license": "ISC",
      "dependencies": {
        "@transmute/cose": "file:..",
        "jose": "^4.15.4"
      }
    },
    "..": {
      "name": "@transmute/cose",
      "version": "0.0.17",
      "license": "Apache-2.0",
      "dependencies": {
        "@transmute/rfc9162": "^0.0.4",
        "cbor-web": "^9.0.0",
        "cose-js": "^0.8.4",
        "jose": "^4.14.4"
      },
      "devDependencies": {
        "@types/jest": "^29.2.4",
        "@typescript-eslint/eslint-plugin": "^5.47.1",
        "@typescript-eslint/parser": "^5.47.1",
        "eslint": "^8.30.0",
        "jest": "^29.3.1",
        "ts-jest": "^29.0.3",
        "typescript": "^4.9.4"
      }
    },
    "node_modules/@transmute/cose": {
      "resolved": "..",
      "link": true
    },
    "node_modules/jose": {
      "version": "4.15.4",
      "resolved": "https://registry.npmjs.org/jose/-/jose-4.15.4.tgz",
      "integrity": "sha512-W+oqK4H+r5sITxfxpSU+MMdr/YSWGvgZMQDIsNoBDGGy4i7GBPTtvFKibQzW06n3U3TqHjhvBJsirShsEJ6eeQ==",
      "funding": {
        "url": "https://github.com/sponsors/panva"
      }
    }
  }
}
